// !$*UTF8*$!
{
	archiveVersion = 1;
	classes = {
	};
	objectVersion = 56;
	objects = {

/* Begin PBXBuildFile section */
		075A6500F91E9E0A3332E221 /* ProductPageLoader.swift in Sources */ = {isa = PBXBuildFile; fileRef = 3B4A6483918DC2D494DCAAD7 /* ProductPageLoader.swift */; };
		182EA626E1D63B975B4BF427 /* Design.swift in Sources */ = {isa = PBXBuildFile; fileRef = D9050A49F210EE381C91CCFE /* Design.swift */; };
		3122DFCE31794C8D64274A71 /* HomeViews.swift in Sources */ = {isa = PBXBuildFile; fileRef = C5B5BBDD4A652F9896636B0E /* HomeViews.swift */; };
		487C502A5481E87001E8CC43 /* Models.swift in Sources */ = {isa = PBXBuildFile; fileRef = 8BF4A28E43F6CF370D3EE1C2 /* Models.swift */; };
		4F7D61D443B2E5AFBA042113 /* DetailViews.swift in Sources */ = {isa = PBXBuildFile; fileRef = 29E1DD55C258F8CF56963E42 /* DetailViews.swift */; };
		6E7FFD824B6B359813EB5037 /* Forms.swift in Sources */ = {isa = PBXBuildFile; fileRef = F3498FFABB1811BC74EC12E4 /* Forms.swift */; };
		6F89A80D032690978A258363 /* SupabaseClient.swift in Sources */ = {isa = PBXBuildFile; fileRef = 6AB9F2AAE5AE13B3EEA238E9 /* SupabaseClient.swift */; };
		7CAA79E6E41AA4226962118B /* Configuration.plist in Resources */ = {isa = PBXBuildFile; fileRef = DA67D4943F061926E2785968 /* Configuration.plist */; };
		993A6F0DC816349E9715E5C7 /* Assets.xcassets in Resources */ = {isa = PBXBuildFile; fileRef = 28AAD1477D5182D66D4B03B3 /* Assets.xcassets */; };
		9A2D52C1418BFB700CF18F98 /* TroveApp.swift in Sources */ = {isa = PBXBuildFile; fileRef = 832419DA506C1C29DB11553D /* TroveApp.swift */; };
		A4F9BFD95FD34BD6E2011FBD /* TroveStore.swift in Sources */ = {isa = PBXBuildFile; fileRef = 2CDD77B811B3CBB962ED5049 /* TroveStore.swift */; };
/* End PBXBuildFile section */

/* Begin PBXFileReference section */
		28AAD1477D5182D66D4B03B3 /* Assets.xcassets */ = {isa = PBXFileReference; lastKnownFileType = folder.assetcatalog; path = Assets.xcassets; sourceTree = "<group>"; };
		29E1DD55C258F8CF56963E42 /* DetailViews.swift */ = {isa = PBXFileReference; lastKnownFileType = sourcecode.swift; path = DetailViews.swift; sourceTree = "<group>"; };
		2CDD77B811B3CBB962ED5049 /* TroveStore.swift */ = {isa = PBXFileReference; lastKnownFileType = sourcecode.swift; path = TroveStore.swift; sourceTree = "<group>"; };
		3B4A6483918DC2D494DCAAD7 /* ProductPageLoader.swift */ = {isa = PBXFileReference; lastKnownFileType = sourcecode.swift; path = ProductPageLoader.swift; sourceTree = "<group>"; };
		6AB9F2AAE5AE13B3EEA238E9 /* SupabaseClient.swift */ = {isa = PBXFileReference; lastKnownFileType = sourcecode.swift; path = SupabaseClient.swift; sourceTree = "<group>"; };
		7B594B6DB375E1BF3F23CDD6 /* Info.plist */ = {isa = PBXFileReference; lastKnownFileType = text.plist.xml; path = Info.plist; sourceTree = "<group>"; };
		7D1043473D55BFA90E8530D3 /* Trove.app */ = {isa = PBXFileReference; explicitFileType = wrapper.application; path = Trove.app; sourceTree = BUILT_PRODUCTS_DIR; };
		832419DA506C1C29DB11553D /* TroveApp.swift */ = {isa = PBXFileReference; lastKnownFileType = sourcecode.swift; path = TroveApp.swift; sourceTree = "<group>"; };
		8BF4A28E43F6CF370D3EE1C2 /* Models.swift */ = {isa = PBXFileReference; lastKnownFileType = sourcecode.swift; path = Models.swift; sourceTree = "<group>"; };
		C5B5BBDD4A652F9896636B0E /* HomeViews.swift */ = {isa = PBXFileReference; lastKnownFileType = sourcecode.swift; path = HomeViews.swift; sourceTree = "<group>"; };
		D9050A49F210EE381C91CCFE /* Design.swift */ = {isa = PBXFileReference; lastKnownFileType = sourcecode.swift; path = Design.swift; sourceTree = "<group>"; };
		DA67D4943F061926E2785968 /* Configuration.plist */ = {isa = PBXFileReference; lastKnownFileType = text.plist.xml; path = Configuration.plist; sourceTree = "<group>"; };
		F3498FFABB1811BC74EC12E4 /* Forms.swift */ = {isa = PBXFileReference; lastKnownFileType = sourcecode.swift; path = Forms.swift; sourceTree = "<group>"; };
/* End PBXFileReference section */

/* Begin PBXFrameworksBuildPhase section */
		7561BFB015D8F536760CB671 /* Frameworks */ = {
			isa = PBXFrameworksBuildPhase;
			buildActionMask = 2147483647;
			files = (
			);
			runOnlyForDeploymentPostprocessing = 0;
		};
/* End PBXFrameworksBuildPhase section */

/* Begin PBXGroup section */
		600D121E24FFCE249B0DB3E3 /* Trove */ = {
			isa = PBXGroup;
			children = (
				D9050A49F210EE381C91CCFE /* Design.swift */,
				29E1DD55C258F8CF56963E42 /* DetailViews.swift */,
				F3498FFABB1811BC74EC12E4 /* Forms.swift */,
				C5B5BBDD4A652F9896636B0E /* HomeViews.swift */,
				8BF4A28E43F6CF370D3EE1C2 /* Models.swift */,
				3B4A6483918DC2D494DCAAD7 /* ProductPageLoader.swift */,
				6AB9F2AAE5AE13B3EEA238E9 /* SupabaseClient.swift */,
				832419DA506C1C29DB11553D /* TroveApp.swift */,
				2CDD77B811B3CBB962ED5049 /* TroveStore.swift */,
				DA67D4943F061926E2785968 /* Configuration.plist */,
				28AAD1477D5182D66D4B03B3 /* Assets.xcassets */,
				7B594B6DB375E1BF3F23CDD6 /* Info.plist */,
			);
			path = Trove;
			sourceTree = "<group>";
		};
		DC76E9F0C0006E8F919E0C51 = {
			isa = PBXGroup;
			children = (
				600D121E24FFCE249B0DB3E3 /* Trove */,
				FBDC4F23F93125BBEEAE800C /* Products */,
			);
			sourceTree = "<group>";
		};
		FBDC4F23F93125BBEEAE800C /* Products */ = {
			isa = PBXGroup;
			children = (
				7D1043473D55BFA90E8530D3 /* Trove.app */,
			);
			name = Products;
			sourceTree = "<group>";
		};
/* End PBXGroup section */

/* Begin PBXNativeTarget section */
		0E8A3AD980EC179856012B7E /* Trove */ = {
			isa = PBXNativeTarget;
			buildConfigurationList = C57128001CE614BF8549D6BB /* Build configuration list for PBXNativeTarget "Trove" */;
			buildPhases = (
				BCE16DD0260827ECF338C787 /* Sources */,
				7561BFB015D8F536760CB671 /* Frameworks */,
				0189424A5A60FED329FA868E /* Resources */,
			);
			buildRules = (
			);
			dependencies = (
			);
			name = Trove;
			productName = Trove;
			productReference = 7D1043473D55BFA90E8530D3 /* Trove.app */;
			productType = "com.apple.product-type.application";
		};
/* End PBXNativeTarget section */

/* Begin PBXProject section */
		98F54143AB4E86B28C3AFEE0 /* Project object */ = {
			isa = PBXProject;
			attributes = {
				LastUpgradeCheck = 2660;
			};
			buildConfigurationList = 862894B703A6DEDF96A9DD6C /* Build configuration list for PBXProject "Trove" */;
			compatibilityVersion = "Xcode 14.0";
			developmentRegion = en;
			hasScannedForEncodings = 0;
			knownRegions = (
				en,
				Base,
			);
			mainGroup = DC76E9F0C0006E8F919E0C51;
			productRefGroup = FBDC4F23F93125BBEEAE800C /* Products */;
			projectDirPath = "";
			projectRoot = "";
			targets = (
				0E8A3AD980EC179856012B7E /* Trove */,
			);
		};
/* End PBXProject section */

/* Begin PBXResourcesBuildPhase section */
		0189424A5A60FED329FA868E /* Resources */ = {
			isa = PBXResourcesBuildPhase;
			buildActionMask = 2147483647;
			files = (
				7CAA79E6E41AA4226962118B /* Configuration.plist in Resources */,
				993A6F0DC816349E9715E5C7 /* Assets.xcassets in Resources */,
			);
			runOnlyForDeploymentPostprocessing = 0;
		};
/* End PBXResourcesBuildPhase section */

/* Begin PBXSourcesBuildPhase section */
		BCE16DD0260827ECF338C787 /* Sources */ = {
			isa = PBXSourcesBuildPhase;
			buildActionMask = 2147483647;
			files = (
				182EA626E1D63B975B4BF427 /* Design.swift in Sources */,
				4F7D61D443B2E5AFBA042113 /* DetailViews.swift in Sources */,
				6E7FFD824B6B359813EB5037 /* Forms.swift in Sources */,
				3122DFCE31794C8D64274A71 /* HomeViews.swift in Sources */,
				487C502A5481E87001E8CC43 /* Models.swift in Sources */,
				075A6500F91E9E0A3332E221 /* ProductPageLoader.swift in Sources */,
				6F89A80D032690978A258363 /* SupabaseClient.swift in Sources */,
				9A2D52C1418BFB700CF18F98 /* TroveApp.swift in Sources */,
				A4F9BFD95FD34BD6E2011FBD /* TroveStore.swift in Sources */,
			);
			runOnlyForDeploymentPostprocessing = 0;
		};
/* End PBXSourcesBuildPhase section */

/* Begin XCBuildConfiguration section */
		639A7CA24D39909E713B47F7 /* Release */ = {
			isa = XCBuildConfiguration;
			buildSettings = {
				ASSETCATALOG_COMPILER_APPICON_NAME = AppIcon;
				CODE_SIGN_STYLE = Automatic;
				MARKETING_VERSION = 1.1.1;
				CURRENT_PROJECT_VERSION = 2026100701;
				DEVELOPMENT_TEAM = GYURRL7F4B;
				ENABLE_TESTABILITY = NO;
				GENERATE_INFOPLIST_FILE = NO;
				INFOPLIST_FILE = Trove/Info.plist;
				PRODUCT_BUNDLE_IDENTIFIER = "com.jordanthiel.trove-rn";
				PRODUCT_NAME = "$(TARGET_NAME)";
				SWIFT_ACTIVE_COMPILATION_CONDITIONS = "";
				SWIFT_OPTIMIZATION_LEVEL = "-O";
				SWIFT_STRICT_CONCURRENCY = targeted;
				SWIFT_VERSION = 5.0;
				TARGETED_DEVICE_FAMILY = "1,2";
			};
			name = Release;
		};
		7082CC0B6FC1282FCEABD07A /* Debug */ = {
			isa = XCBuildConfiguration;
			buildSettings = {
				ASSETCATALOG_COMPILER_APPICON_NAME = AppIcon;
				CODE_SIGN_STYLE = Automatic;
				MARKETING_VERSION = 1.1.1;
				CURRENT_PROJECT_VERSION = 2026100701;
				DEVELOPMENT_TEAM = GYURRL7F4B;
				ENABLE_TESTABILITY = YES;
				GENERATE_INFOPLIST_FILE = NO;
				INFOPLIST_FILE = Trove/Info.plist;
				PRODUCT_BUNDLE_IDENTIFIER = "com.jordanthiel.trove-rn";
				PRODUCT_NAME = "$(TARGET_NAME)";
				SWIFT_ACTIVE_COMPILATION_CONDITIONS = DEBUG;
				SWIFT_OPTIMIZATION_LEVEL = "-Onone";
				SWIFT_STRICT_CONCURRENCY = targeted;
				SWIFT_VERSION = 5.0;
				TARGETED_DEVICE_FAMILY = "1,2";
			};
			name = Debug;
		};
		89E1FD6268CC0F221A2BE178 /* Debug */ = {
			isa = XCBuildConfiguration;
			buildSettings = {
				CLANG_ENABLE_MODULES = YES;
				IPHONEOS_DEPLOYMENT_TARGET = 17.0;
				SDKROOT = iphoneos;
				SWIFT_VERSION = 5.0;
			};
			name = Debug;
		};
		E6DE6C99132752C914FEF632 /* Release */ = {
			isa = XCBuildConfiguration;
			buildSettings = {
				CLANG_ENABLE_MODULES = YES;
				IPHONEOS_DEPLOYMENT_TARGET = 17.0;
				SDKROOT = iphoneos;
				SWIFT_VERSION = 5.0;
			};
			name = Release;
		};
/* End XCBuildConfiguration section */

/* Begin XCConfigurationList section */
		862894B703A6DEDF96A9DD6C /* Build configuration list for PBXProject "Trove" */ = {
			isa = XCConfigurationList;
			buildConfigurations = (
				89E1FD6268CC0F221A2BE178 /* Debug */,
				E6DE6C99132752C914FEF632 /* Release */,
			);
			defaultConfigurationIsVisible = 0;
			defaultConfigurationName = Release;
		};
		C57128001CE614BF8549D6BB /* Build configuration list for PBXNativeTarget "Trove" */ = {
			isa = XCConfigurationList;
			buildConfigurations = (
				7082CC0B6FC1282FCEABD07A /* Debug */,
				639A7CA24D39909E713B47F7 /* Release */,
			);
			defaultConfigurationIsVisible = 0;
			defaultConfigurationName = Release;
		};
/* End XCConfigurationList section */
	};
	rootObject = 98F54143AB4E86B28C3AFEE0 /* Project object */;
}
